
Microsoft Visual Studio Solution File, Format Version 12.00
# Visual Studio 15
VisualStudioVersion = 15.0.27428.2037
MinimumVisualStudioVersion = 10.0.40219.1
Project("{FAE04EC0-301F-11D3-BF4B-00C04F79EFBC}") = "BlogService", "BlogService\BlogService.csproj", "{34E5BB0D-6402-471F-BB38-8772404B8355}"
EndProject
Global
	GlobalSection(SolutionConfigurationPlatforms) = preSolution
		Debug|Any CPU = Debug|Any CPU
		Release|Any CPU = Release|Any CPU
	EndGlobalSection
	GlobalSection(ProjectConfigurationPlatforms) = postSolution
		{34E5BB0D-6402-471F-BB38-8772404B8355}.Debug|Any CPU.ActiveCfg = Debug|Any CPU
		{34E5BB0D-6402-471F-BB38-8772404B8355}.Debug|Any CPU.Build.0 = Debug|Any CPU
		{34E5BB0D-6402-471F-BB38-8772404B8355}.Release|Any CPU.ActiveCfg = Release|Any CPU
		{34E5BB0D-6402-471F-BB38-8772404B8355}.Release|Any CPU.Build.0 = Release|Any CPU
	EndGlobalSection
	GlobalSection(SolutionProperties) = preSolution
		HideSolutionNode = FALSE
	EndGlobalSection
	GlobalSection(ExtensibilityGlobals) = postSolution
		SolutionGuid = {F7F1390A-929A-4C1B-9A7B-47C5E4D8588A}
	EndGlobalSection
EndGlobal
